
Microsoft Visual Studio Solution File, Format Version 12.00
Project("{FAE04EC0-301F-11D3-BF4B-00C04F79EFBC}") = "KeyboardOSC", "KeyboardOSC\KeyboardOSC.csproj", "{193590D2-D414-4E05-AA17-56DFA0388EF3}"
EndProject
Project("{FAE04EC0-301F-11D3-BF4B-00C04F79EFBC}") = "PluginAppTest", "PluginAppTest\PluginAppTest.csproj", "{7B85544B-0E06-46AF-AD4E-0B457C34912C}"
EndProject
Global
	GlobalSection(SolutionConfigurationPlatforms) = preSolution
		Debug|Any CPU = Debug|Any CPU
		Release|Any CPU = Release|Any CPU
		DEV|Any CPU = DEV|Any CPU
	EndGlobalSection
	GlobalSection(ProjectConfigurationPlatforms) = postSolution
		{193590D2-D414-4E05-AA17-56DFA0388EF3}.Release|Any CPU.ActiveCfg = Release|Any CPU
		{193590D2-D414-4E05-AA17-56DFA0388EF3}.Release|Any CPU.Build.0 = Release|Any CPU
		{193590D2-D414-4E05-AA17-56DFA0388EF3}.Debug|Any CPU.ActiveCfg = DEV|Any CPU
		{193590D2-D414-4E05-AA17-56DFA0388EF3}.Debug|Any CPU.Build.0 = DEV|Any CPU
		{193590D2-D414-4E05-AA17-56DFA0388EF3}.DEV|Any CPU.ActiveCfg = DEV|Any CPU
		{193590D2-D414-4E05-AA17-56DFA0388EF3}.DEV|Any CPU.Build.0 = DEV|Any CPU
		{7B85544B-0E06-46AF-AD4E-0B457C34912C}.Debug|Any CPU.ActiveCfg = Debug|Any CPU
		{7B85544B-0E06-46AF-AD4E-0B457C34912C}.Debug|Any CPU.Build.0 = Debug|Any CPU
		{7B85544B-0E06-46AF-AD4E-0B457C34912C}.Release|Any CPU.ActiveCfg = Release|Any CPU
		{7B85544B-0E06-46AF-AD4E-0B457C34912C}.Release|Any CPU.Build.0 = Release|Any CPU
		{7B85544B-0E06-46AF-AD4E-0B457C34912C}.DEV|Any CPU.ActiveCfg = DEV|Any CPU
		{7B85544B-0E06-46AF-AD4E-0B457C34912C}.DEV|Any CPU.Build.0 = DEV|Any CPU
	EndGlobalSection
EndGlobal
